
Microsoft Visual Studio Solution File, Format Version 12.00
# Visual Studio 15
VisualStudioVersion = 15.0.27703.2018
MinimumVisualStudioVersion = 10.0.40219.1
Project("{FAE04EC0-301F-11D3-BF4B-00C04F79EFBC}") = "MultiThreadingWays", "MultiThreadingWays\MultiThreadingWays.csproj", "{5FD9ADC4-E701-4A4D-B3AF-1DB9959657CC}"
EndProject
Global
	GlobalSection(SolutionConfigurationPlatforms) = preSolution
		Debug|Any CPU = Debug|Any CPU
		Release|Any CPU = Release|Any CPU
	EndGlobalSection
	GlobalSection(ProjectConfigurationPlatforms) = postSolution
		{5FD9ADC4-E701-4A4D-B3AF-1DB9959657CC}.Debug|Any CPU.ActiveCfg = Debug|Any CPU
		{5FD9ADC4-E701-4A4D-B3AF-1DB9959657CC}.Debug|Any CPU.Build.0 = Debug|Any CPU
		{5FD9ADC4-E701-4A4D-B3AF-1DB9959657CC}.Release|Any CPU.ActiveCfg = Release|Any CPU
		{5FD9ADC4-E701-4A4D-B3AF-1DB9959657CC}.Release|Any CPU.Build.0 = Release|Any CPU
	EndGlobalSection
	GlobalSection(SolutionProperties) = preSolution
		HideSolutionNode = FALSE
	EndGlobalSection
	GlobalSection(ExtensibilityGlobals) = postSolution
		SolutionGuid = {555ACD7D-BF62-4D01-82A4-3053FBC1D896}
	EndGlobalSection
EndGlobal
